// !$*UTF8*$!
{
	archiveVersion = 1;
	classes = {
	};
	objectVersion = 56;
	objects = {

/* Begin PBXBuildFile section */
		5B3927C72D892D7000704FB8 /* MustacheVideoAppApp.swift in Sources */ = {isa = PBXBuildFile; fileRef = 5B3927C62D892D7000704FB8 /* MustacheVideoAppApp.swift */; };
		5B3927C92D892D7000704FB8 /* ContentView.swift in Sources */ = {isa = PBXBuildFile; fileRef = 5B3927C82D892D7000704FB8 /* ContentView.swift */; };
		5B3927CB2D892D7100704FB8 /* Assets.xcassets in Resources */ = {isa = PBXBuildFile; fileRef = 5B3927CA2D892D7100704FB8 /* Assets.xcassets */; };
		5B3927CE2D892D7100704FB8 /* Preview Assets.xcassets in Resources */ = {isa = PBXBuildFile; fileRef = 5B3927CD2D892D7100704FB8 /* Preview Assets.xcassets */; };
		5B3927D82D892D7100704FB8 /* MustacheVideoAppTests.swift in Sources */ = {isa = PBXBuildFile; fileRef = 5B3927D72D892D7100704FB8 /* MustacheVideoAppTests.swift */; };
		5B3927E22D892D7100704FB8 /* MustacheVideoAppUITests.swift in Sources */ = {isa = PBXBuildFile; fileRef = 5B3927E12D892D7100704FB8 /* MustacheVideoAppUITests.swift */; };
		5B3927E42D892D7100704FB8 /* MustacheVideoAppUITestsLaunchTests.swift in Sources */ = {isa = PBXBuildFile; fileRef = 5B3927E32D892D7100704FB8 /* MustacheVideoAppUITestsLaunchTests.swift */; };
		5B3927FC2D8931A900704FB8 /* VIdeoRecordingView.swift in Sources */ = {isa = PBXBuildFile; fileRef = 5B3927FB2D8931A900704FB8 /* VIdeoRecordingView.swift */; };
		5B3927FE2D8931BC00704FB8 /* ARViewContainer.swift in Sources */ = {isa = PBXBuildFile; fileRef = 5B3927FD2D8931BC00704FB8 /* ARViewContainer.swift */; };
		5B3928002D8931C900704FB8 /* RecordingListView.swift in Sources */ = {isa = PBXBuildFile; fileRef = 5B3927FF2D8931C900704FB8 /* RecordingListView.swift */; };
		5B3928022D8A22C700704FB8 /* Recording.swift in Sources */ = {isa = PBXBuildFile; fileRef = 5B3928012D8A22C700704FB8 /* Recording.swift */; };
		5B3928042D8A240B00704FB8 /* PersistenceController.swift in Sources */ = {isa = PBXBuildFile; fileRef = 5B3928032D8A240B00704FB8 /* PersistenceController.swift */; };
		5B3928072D8A333800704FB8 /* MustacheModel.xcdatamodeld in Sources */ = {isa = PBXBuildFile; fileRef = 5B3928052D8A333800704FB8 /* MustacheModel.xcdatamodeld */; };
		5B3928092D8A4FE400704FB8 /* ARViewModel.swift in Sources */ = {isa = PBXBuildFile; fileRef = 5B3928082D8A4FE400704FB8 /* ARViewModel.swift */; };
		5B39280B2D8A523900704FB8 /* ARVideoRecorder.swift in Sources */ = {isa = PBXBuildFile; fileRef = 5B39280A2D8A523900704FB8 /* ARVideoRecorder.swift */; };
		5B39280D2D8CE47500704FB8 /* RecordingCell.swift in Sources */ = {isa = PBXBuildFile; fileRef = 5B39280C2D8CE47500704FB8 /* RecordingCell.swift */; };
		5B39280F2D8CF5E500704FB8 /* ThumbnailGenerator.swift in Sources */ = {isa = PBXBuildFile; fileRef = 5B39280E2D8CF5E500704FB8 /* ThumbnailGenerator.swift */; };
/* End PBXBuildFile section */

/* Begin PBXContainerItemProxy section */
		5B3927D42D892D7100704FB8 /* PBXContainerItemProxy */ = {
			isa = PBXContainerItemProxy;
			containerPortal = 5B3927BB2D892D7000704FB8 /* Project object */;
			proxyType = 1;
			remoteGlobalIDString = 5B3927C22D892D7000704FB8;
			remoteInfo = MustacheVideoApp;
		};
		5B3927DE2D892D7100704FB8 /* PBXContainerItemProxy */ = {
			isa = PBXContainerItemProxy;
			containerPortal = 5B3927BB2D892D7000704FB8 /* Project object */;
			proxyType = 1;
			remoteGlobalIDString = 5B3927C22D892D7000704FB8;
			remoteInfo = MustacheVideoApp;
		};
/* End PBXContainerItemProxy section */

/* Begin PBXFileReference section */
		5B3927C32D892D7000704FB8 /* MustacheVideoApp.app */ = {isa = PBXFileReference; explicitFileType = wrapper.application; includeInIndex = 0; path = MustacheVideoApp.app; sourceTree = BUILT_PRODUCTS_DIR; };
		5B3927C62D892D7000704FB8 /* MustacheVideoAppApp.swift */ = {isa = PBXFileReference; lastKnownFileType = sourcecode.swift; path = MustacheVideoAppApp.swift; sourceTree = "<group>"; };
		5B3927C82D892D7000704FB8 /* ContentView.swift */ = {isa = PBXFileReference; lastKnownFileType = sourcecode.swift; path = ContentView.swift; sourceTree = "<group>"; };
		5B3927CA2D892D7100704FB8 /* Assets.xcassets */ = {isa = PBXFileReference; lastKnownFileType = folder.assetcatalog; path = Assets.xcassets; sourceTree = "<group>"; };
		5B3927CD2D892D7100704FB8 /* Preview Assets.xcassets */ = {isa = PBXFileReference; lastKnownFileType = folder.assetcatalog; path = "Preview Assets.xcassets"; sourceTree = "<group>"; };
		5B3927D32D892D7100704FB8 /* MustacheVideoAppTests.xctest */ = {isa = PBXFileReference; explicitFileType = wrapper.cfbundle; includeInIndex = 0; path = MustacheVideoAppTests.xctest; sourceTree = BUILT_PRODUCTS_DIR; };
		5B3927D72D892D7100704FB8 /* MustacheVideoAppTests.swift */ = {isa = PBXFileReference; lastKnownFileType = sourcecode.swift; path = MustacheVideoAppTests.swift; sourceTree = "<group>"; };
		5B3927DD2D892D7100704FB8 /* MustacheVideoAppUITests.xctest */ = {isa = PBXFileReference; explicitFileType = wrapper.cfbundle; includeInIndex = 0; path = MustacheVideoAppUITests.xctest; sourceTree = BUILT_PRODUCTS_DIR; };
		5B3927E12D892D7100704FB8 /* MustacheVideoAppUITests.swift */ = {isa = PBXFileReference; lastKnownFileType = sourcecode.swift; path = MustacheVideoAppUITests.swift; sourceTree = "<group>"; };
		5B3927E32D892D7100704FB8 /* MustacheVideoAppUITestsLaunchTests.swift */ = {isa = PBXFileReference; lastKnownFileType = sourcecode.swift; path = MustacheVideoAppUITestsLaunchTests.swift; sourceTree = "<group>"; };
		5B3927FB2D8931A900704FB8 /* VIdeoRecordingView.swift */ = {isa = PBXFileReference; lastKnownFileType = sourcecode.swift; path = VIdeoRecordingView.swift; sourceTree = "<group>"; };
		5B3927FD2D8931BC00704FB8 /* ARViewContainer.swift */ = {isa = PBXFileReference; lastKnownFileType = sourcecode.swift; path = ARViewContainer.swift; sourceTree = "<group>"; };
		5B3927FF2D8931C900704FB8 /* RecordingListView.swift */ = {isa = PBXFileReference; lastKnownFileType = sourcecode.swift; path = RecordingListView.swift; sourceTree = "<group>"; };
		5B3928012D8A22C700704FB8 /* Recording.swift */ = {isa = PBXFileReference; lastKnownFileType = sourcecode.swift; path = Recording.swift; sourceTree = "<group>"; };
		5B3928032D8A240B00704FB8 /* PersistenceController.swift */ = {isa = PBXFileReference; lastKnownFileType = sourcecode.swift; path = PersistenceController.swift; sourceTree = "<group>"; };
		5B3928062D8A333800704FB8 /* MustacheModel.xcdatamodel */ = {isa = PBXFileReference; lastKnownFileType = wrapper.xcdatamodel; path = MustacheModel.xcdatamodel; sourceTree = "<group>"; };
		5B3928082D8A4FE400704FB8 /* ARViewModel.swift */ = {isa = PBXFileReference; lastKnownFileType = sourcecode.swift; path = ARViewModel.swift; sourceTree = "<group>"; };
		5B39280A2D8A523900704FB8 /* ARVideoRecorder.swift */ = {isa = PBXFileReference; lastKnownFileType = sourcecode.swift; path = ARVideoRecorder.swift; sourceTree = "<group>"; };
		5B39280C2D8CE47500704FB8 /* RecordingCell.swift */ = {isa = PBXFileReference; lastKnownFileType = sourcecode.swift; path = RecordingCell.swift; sourceTree = "<group>"; };
		5B39280E2D8CF5E500704FB8 /* ThumbnailGenerator.swift */ = {isa = PBXFileReference; lastKnownFileType = sourcecode.swift; path = ThumbnailGenerator.swift; sourceTree = "<group>"; };
/* End PBXFileReference section */

/* Begin PBXFrameworksBuildPhase section */
		5B3927C02D892D7000704FB8 /* Frameworks */ = {
			isa = PBXFrameworksBuildPhase;
			buildActionMask = 2147483647;
			files = (
			);
			runOnlyForDeploymentPostprocessing = 0;
		};
		5B3927D02D892D7100704FB8 /* Frameworks */ = {
			isa = PBXFrameworksBuildPhase;
			buildActionMask = 2147483647;
			files = (
			);
			runOnlyForDeploymentPostprocessing = 0;
		};
		5B3927DA2D892D7100704FB8 /* Frameworks */ = {
			isa = PBXFrameworksBuildPhase;
			buildActionMask = 2147483647;
			files = (
			);
			runOnlyForDeploymentPostprocessing = 0;
		};
/* End PBXFrameworksBuildPhase section */

/* Begin PBXGroup section */
		5B3927BA2D892D7000704FB8 = {
			isa = PBXGroup;
			children = (
				5B3927C52D892D7000704FB8 /* MustacheVideoApp */,
				5B3927D62D892D7100704FB8 /* MustacheVideoAppTests */,
				5B3927E02D892D7100704FB8 /* MustacheVideoAppUITests */,
				5B3927C42D892D7000704FB8 /* Products */,
			);
			sourceTree = "<group>";
		};
		5B3927C42D892D7000704FB8 /* Products */ = {
			isa = PBXGroup;
			children = (
				5B3927C32D892D7000704FB8 /* MustacheVideoApp.app */,
				5B3927D32D892D7100704FB8 /* MustacheVideoAppTests.xctest */,
				5B3927DD2D892D7100704FB8 /* MustacheVideoAppUITests.xctest */,
			);
			name = Products;
			sourceTree = "<group>";
		};
		5B3927C52D892D7000704FB8 /* MustacheVideoApp */ = {
			isa = PBXGroup;
			children = (
				5B3927F72D892E1F00704FB8 /* Data */,
				5B3927F12D892D8900704FB8 /* Features */,
				5B3927F02D892D8200704FB8 /* App */,
				5B3927CA2D892D7100704FB8 /* Assets.xcassets */,
				5B3927CC2D892D7100704FB8 /* Preview Content */,
				5B3928052D8A333800704FB8 /* MustacheModel.xcdatamodeld */,
			);
			path = MustacheVideoApp;
			sourceTree = "<group>";
		};
		5B3927CC2D892D7100704FB8 /* Preview Content */ = {
			isa = PBXGroup;
			children = (
				5B3927CD2D892D7100704FB8 /* Preview Assets.xcassets */,
			);
			path = "Preview Content";
			sourceTree = "<group>";
		};
		5B3927D62D892D7100704FB8 /* MustacheVideoAppTests */ = {
			isa = PBXGroup;
			children = (
				5B3927D72D892D7100704FB8 /* MustacheVideoAppTests.swift */,
			);
			path = MustacheVideoAppTests;
			sourceTree = "<group>";
		};
		5B3927E02D892D7100704FB8 /* MustacheVideoAppUITests */ = {
			isa = PBXGroup;
			children = (
				5B3927E12D892D7100704FB8 /* MustacheVideoAppUITests.swift */,
				5B3927E32D892D7100704FB8 /* MustacheVideoAppUITestsLaunchTests.swift */,
			);
			path = MustacheVideoAppUITests;
			sourceTree = "<group>";
		};
		5B3927F02D892D8200704FB8 /* App */ = {
			isa = PBXGroup;
			children = (
				5B3927C62D892D7000704FB8 /* MustacheVideoAppApp.swift */,
				5B3927C82D892D7000704FB8 /* ContentView.swift */,
			);
			path = App;
			sourceTree = "<group>";
		};
		5B3927F12D892D8900704FB8 /* Features */ = {
			isa = PBXGroup;
			children = (
				5B3927F62D892E0400704FB8 /* Utils */,
				5B3927F52D892DD800704FB8 /* ViewModels */,
				5B3927F42D892DC700704FB8 /* Components */,
				5B3927F32D892DBB00704FB8 /* Recording */,
			);
			path = Features;
			sourceTree = "<group>";
		};
		5B3927F22D892D9700704FB8 /* Views */ = {
			isa = PBXGroup;
			children = (
				5B3927FB2D8931A900704FB8 /* VIdeoRecordingView.swift */,
				5B3927FD2D8931BC00704FB8 /* ARViewContainer.swift */,
				5B3927FF2D8931C900704FB8 /* RecordingListView.swift */,
			);
			path = Views;
			sourceTree = "<group>";
		};
		5B3927F32D892DBB00704FB8 /* Recording */ = {
			isa = PBXGroup;
			children = (
				5B3927F22D892D9700704FB8 /* Views */,
			);
			path = Recording;
			sourceTree = "<group>";
		};
		5B3927F42D892DC700704FB8 /* Components */ = {
			isa = PBXGroup;
			children = (
				5B39280C2D8CE47500704FB8 /* RecordingCell.swift */,
			);
			path = Components;
			sourceTree = "<group>";
		};
		5B3927F52D892DD800704FB8 /* ViewModels */ = {
			isa = PBXGroup;
			children = (
				5B3928082D8A4FE400704FB8 /* ARViewModel.swift */,
			);
			path = ViewModels;
			sourceTree = "<group>";
		};
		5B3927F62D892E0400704FB8 /* Utils */ = {
			isa = PBXGroup;
			children = (
				5B39280A2D8A523900704FB8 /* ARVideoRecorder.swift */,
				5B39280E2D8CF5E500704FB8 /* ThumbnailGenerator.swift */,
			);
			path = Utils;
			sourceTree = "<group>";
		};
		5B3927F72D892E1F00704FB8 /* Data */ = {
			isa = PBXGroup;
			children = (
				5B3927FA2D892E4600704FB8 /* Persistance */,
				5B3927F82D892E3200704FB8 /* Models */,
			);
			path = Data;
			sourceTree = "<group>";
		};
		5B3927F82D892E3200704FB8 /* Models */ = {
			isa = PBXGroup;
			children = (
				5B3928012D8A22C700704FB8 /* Recording.swift */,
			);
			path = Models;
			sourceTree = "<group>";
		};
		5B3927FA2D892E4600704FB8 /* Persistance */ = {
			isa = PBXGroup;
			children = (
				5B3928032D8A240B00704FB8 /* PersistenceController.swift */,
			);
			path = Persistance;
			sourceTree = "<group>";
		};
/* End PBXGroup section */

/* Begin PBXNativeTarget section */
		5B3927C22D892D7000704FB8 /* MustacheVideoApp */ = {
			isa = PBXNativeTarget;
			buildConfigurationList = 5B3927E72D892D7100704FB8 /* Build configuration list for PBXNativeTarget "MustacheVideoApp" */;
			buildPhases = (
				5B3927BF2D892D7000704FB8 /* Sources */,
				5B3927C02D892D7000704FB8 /* Frameworks */,
				5B3927C12D892D7000704FB8 /* Resources */,
			);
			buildRules = (
			);
			dependencies = (
			);
			name = MustacheVideoApp;
			productName = MustacheVideoApp;
			productReference = 5B3927C32D892D7000704FB8 /* MustacheVideoApp.app */;
			productType = "com.apple.product-type.application";
		};
		5B3927D22D892D7100704FB8 /* MustacheVideoAppTests */ = {
			isa = PBXNativeTarget;
			buildConfigurationList = 5B3927EA2D892D7100704FB8 /* Build configuration list for PBXNativeTarget "MustacheVideoAppTests" */;
			buildPhases = (
				5B3927CF2D892D7100704FB8 /* Sources */,
				5B3927D02D892D7100704FB8 /* Frameworks */,
				5B3927D12D892D7100704FB8 /* Resources */,
			);
			buildRules = (
			);
			dependencies = (
				5B3927D52D892D7100704FB8 /* PBXTargetDependency */,
			);
			name = MustacheVideoAppTests;
			productName = MustacheVideoAppTests;
			productReference = 5B3927D32D892D7100704FB8 /* MustacheVideoAppTests.xctest */;
			productType = "com.apple.product-type.bundle.unit-test";
		};
		5B3927DC2D892D7100704FB8 /* MustacheVideoAppUITests */ = {
			isa = PBXNativeTarget;
			buildConfigurationList = 5B3927ED2D892D7100704FB8 /* Build configuration list for PBXNativeTarget "MustacheVideoAppUITests" */;
			buildPhases = (
				5B3927D92D892D7100704FB8 /* Sources */,
				5B3927DA2D892D7100704FB8 /* Frameworks */,
				5B3927DB2D892D7100704FB8 /* Resources */,
			);
			buildRules = (
			);
			dependencies = (
				5B3927DF2D892D7100704FB8 /* PBXTargetDependency */,
			);
			name = MustacheVideoAppUITests;
			productName = MustacheVideoAppUITests;
			productReference = 5B3927DD2D892D7100704FB8 /* MustacheVideoAppUITests.xctest */;
			productType = "com.apple.product-type.bundle.ui-testing";
		};
/* End PBXNativeTarget section */

/* Begin PBXProject section */
		5B3927BB2D892D7000704FB8 /* Project object */ = {
			isa = PBXProject;
			attributes = {
				BuildIndependentTargetsInParallel = 1;
				LastSwiftUpdateCheck = 1500;
				LastUpgradeCheck = 1500;
				TargetAttributes = {
					5B3927C22D892D7000704FB8 = {
						CreatedOnToolsVersion = 15.0.1;
					};
					5B3927D22D892D7100704FB8 = {
						CreatedOnToolsVersion = 15.0.1;
						TestTargetID = 5B3927C22D892D7000704FB8;
					};
					5B3927DC2D892D7100704FB8 = {
						CreatedOnToolsVersion = 15.0.1;
						TestTargetID = 5B3927C22D892D7000704FB8;
					};
				};
			};
			buildConfigurationList = 5B3927BE2D892D7000704FB8 /* Build configuration list for PBXProject "MustacheVideoApp" */;
			compatibilityVersion = "Xcode 14.0";
			developmentRegion = en;
			hasScannedForEncodings = 0;
			knownRegions = (
				en,
				Base,
			);
			mainGroup = 5B3927BA2D892D7000704FB8;
			productRefGroup = 5B3927C42D892D7000704FB8 /* Products */;
			projectDirPath = "";
			projectRoot = "";
			targets = (
				5B3927C22D892D7000704FB8 /* MustacheVideoApp */,
				5B3927D22D892D7100704FB8 /* MustacheVideoAppTests */,
				5B3927DC2D892D7100704FB8 /* MustacheVideoAppUITests */,
			);
		};
/* End PBXProject section */

/* Begin PBXResourcesBuildPhase section */
		5B3927C12D892D7000704FB8 /* Resources */ = {
			isa = PBXResourcesBuildPhase;
			buildActionMask = 2147483647;
			files = (
				5B3927CE2D892D7100704FB8 /* Preview Assets.xcassets in Resources */,
				5B3927CB2D892D7100704FB8 /* Assets.xcassets in Resources */,
			);
			runOnlyForDeploymentPostprocessing = 0;
		};
		5B3927D12D892D7100704FB8 /* Resources */ = {
			isa = PBXResourcesBuildPhase;
			buildActionMask = 2147483647;
			files = (
			);
			runOnlyForDeploymentPostprocessing = 0;
		};
		5B3927DB2D892D7100704FB8 /* Resources */ = {
			isa = PBXResourcesBuildPhase;
			buildActionMask = 2147483647;
			files = (
			);
			runOnlyForDeploymentPostprocessing = 0;
		};
/* End PBXResourcesBuildPhase section */

/* Begin PBXSourcesBuildPhase section */
		5B3927BF2D892D7000704FB8 /* Sources */ = {
			isa = PBXSourcesBuildPhase;
			buildActionMask = 2147483647;
			files = (
				5B3928092D8A4FE400704FB8 /* ARViewModel.swift in Sources */,
				5B39280D2D8CE47500704FB8 /* RecordingCell.swift in Sources */,
				5B39280F2D8CF5E500704FB8 /* ThumbnailGenerator.swift in Sources */,
				5B3927C92D892D7000704FB8 /* ContentView.swift in Sources */,
				5B39280B2D8A523900704FB8 /* ARVideoRecorder.swift in Sources */,
				5B3928042D8A240B00704FB8 /* PersistenceController.swift in Sources */,
				5B3928022D8A22C700704FB8 /* Recording.swift in Sources */,
				5B3928002D8931C900704FB8 /* RecordingListView.swift in Sources */,
				5B3927FE2D8931BC00704FB8 /* ARViewContainer.swift in Sources */,
				5B3928072D8A333800704FB8 /* MustacheModel.xcdatamodeld in Sources */,
				5B3927C72D892D7000704FB8 /* MustacheVideoAppApp.swift in Sources */,
				5B3927FC2D8931A900704FB8 /* VIdeoRecordingView.swift in Sources */,
			);
			runOnlyForDeploymentPostprocessing = 0;
		};
		5B3927CF2D892D7100704FB8 /* Sources */ = {
			isa = PBXSourcesBuildPhase;
			buildActionMask = 2147483647;
			files = (
				5B3927D82D892D7100704FB8 /* MustacheVideoAppTests.swift in Sources */,
			);
			runOnlyForDeploymentPostprocessing = 0;
		};
		5B3927D92D892D7100704FB8 /* Sources */ = {
			isa = PBXSourcesBuildPhase;
			buildActionMask = 2147483647;
			files = (
				5B3927E42D892D7100704FB8 /* MustacheVideoAppUITestsLaunchTests.swift in Sources */,
				5B3927E22D892D7100704FB8 /* MustacheVideoAppUITests.swift in Sources */,
			);
			runOnlyForDeploymentPostprocessing = 0;
		};
/* End PBXSourcesBuildPhase section */

/* Begin PBXTargetDependency section */
		5B3927D52D892D7100704FB8 /* PBXTargetDependency */ = {
			isa = PBXTargetDependency;
			target = 5B3927C22D892D7000704FB8 /* MustacheVideoApp */;
			targetProxy = 5B3927D42D892D7100704FB8 /* PBXContainerItemProxy */;
		};
		5B3927DF2D892D7100704FB8 /* PBXTargetDependency */ = {
			isa = PBXTargetDependency;
			target = 5B3927C22D892D7000704FB8 /* MustacheVideoApp */;
			targetProxy = 5B3927DE2D892D7100704FB8 /* PBXContainerItemProxy */;
		};
/* End PBXTargetDependency section */

/* Begin XCBuildConfiguration section */
		5B3927E52D892D7100704FB8 /* Debug */ = {
			isa = XCBuildConfiguration;
			buildSettings = {
				ALWAYS_SEARCH_USER_PATHS = NO;
				ASSETCATALOG_COMPILER_GENERATE_SWIFT_ASSET_SYMBOL_EXTENSIONS = YES;
				CLANG_ANALYZER_NONNULL = YES;
				CLANG_ANALYZER_NUMBER_OBJECT_CONVERSION = YES_AGGRESSIVE;
				CLANG_CXX_LANGUAGE_STANDARD = "gnu++20";
				CLANG_ENABLE_MODULES = YES;
				CLANG_ENABLE_OBJC_ARC = YES;
				CLANG_ENABLE_OBJC_WEAK = YES;
				CLANG_WARN_BLOCK_CAPTURE_AUTORELEASING = YES;
				CLANG_WARN_BOOL_CONVERSION = YES;
				CLANG_WARN_COMMA = YES;
				CLANG_WARN_CONSTANT_CONVERSION = YES;
				CLANG_WARN_DEPRECATED_OBJC_IMPLEMENTATIONS = YES;
				CLANG_WARN_DIRECT_OBJC_ISA_USAGE = YES_ERROR;
				CLANG_WARN_DOCUMENTATION_COMMENTS = YES;
				CLANG_WARN_EMPTY_BODY = YES;
				CLANG_WARN_ENUM_CONVERSION = YES;
				CLANG_WARN_INFINITE_RECURSION = YES;
				CLANG_WARN_INT_CONVERSION = YES;
				CLANG_WARN_NON_LITERAL_NULL_CONVERSION = YES;
				CLANG_WARN_OBJC_IMPLICIT_RETAIN_SELF = YES;
				CLANG_WARN_OBJC_LITERAL_CONVERSION = YES;
				CLANG_WARN_OBJC_ROOT_CLASS = YES_ERROR;
				CLANG_WARN_QUOTED_INCLUDE_IN_FRAMEWORK_HEADER = YES;
				CLANG_WARN_RANGE_LOOP_ANALYSIS = YES;
				CLANG_WARN_STRICT_PROTOTYPES = YES;
				CLANG_WARN_SUSPICIOUS_MOVE = YES;
				CLANG_WARN_UNGUARDED_AVAILABILITY = YES_AGGRESSIVE;
				CLANG_WARN_UNREACHABLE_CODE = YES;
				CLANG_WARN__DUPLICATE_METHOD_MATCH = YES;
				COPY_PHASE_STRIP = NO;
				DEBUG_INFORMATION_FORMAT = dwarf;
				ENABLE_STRICT_OBJC_MSGSEND = YES;
				ENABLE_TESTABILITY = YES;
				ENABLE_USER_SCRIPT_SANDBOXING = YES;
				GCC_C_LANGUAGE_STANDARD = gnu17;
				GCC_DYNAMIC_NO_PIC = NO;
				GCC_NO_COMMON_BLOCKS = YES;
				GCC_OPTIMIZATION_LEVEL = 0;
				GCC_PREPROCESSOR_DEFINITIONS = (
					"DEBUG=1",
					"$(inherited)",
				);
				GCC_WARN_64_TO_32_BIT_CONVERSION = YES;
				GCC_WARN_ABOUT_RETURN_TYPE = YES_ERROR;
				GCC_WARN_UNDECLARED_SELECTOR = YES;
				GCC_WARN_UNINITIALIZED_AUTOS = YES_AGGRESSIVE;
				GCC_WARN_UNUSED_FUNCTION = YES;
				GCC_WARN_UNUSED_VARIABLE = YES;
				IPHONEOS_DEPLOYMENT_TARGET = 17.0;
				LOCALIZATION_PREFERS_STRING_CATALOGS = YES;
				MTL_ENABLE_DEBUG_INFO = INCLUDE_SOURCE;
				MTL_FAST_MATH = YES;
				ONLY_ACTIVE_ARCH = YES;
				SDKROOT = iphoneos;
				SWIFT_ACTIVE_COMPILATION_CONDITIONS = "DEBUG $(inherited)";
				SWIFT_OPTIMIZATION_LEVEL = "-Onone";
			};
			name = Debug;
		};
		5B3927E62D892D7100704FB8 /* Release */ = {
			isa = XCBuildConfiguration;
			buildSettings = {
				ALWAYS_SEARCH_USER_PATHS = NO;
				ASSETCATALOG_COMPILER_GENERATE_SWIFT_ASSET_SYMBOL_EXTENSIONS = YES;
				CLANG_ANALYZER_NONNULL = YES;
				CLANG_ANALYZER_NUMBER_OBJECT_CONVERSION = YES_AGGRESSIVE;
				CLANG_CXX_LANGUAGE_STANDARD = "gnu++20";
				CLANG_ENABLE_MODULES = YES;
				CLANG_ENABLE_OBJC_ARC = YES;
				CLANG_ENABLE_OBJC_WEAK = YES;
				CLANG_WARN_BLOCK_CAPTURE_AUTORELEASING = YES;
				CLANG_WARN_BOOL_CONVERSION = YES;
				CLANG_WARN_COMMA = YES;
				CLANG_WARN_CONSTANT_CONVERSION = YES;
				CLANG_WARN_DEPRECATED_OBJC_IMPLEMENTATIONS = YES;
				CLANG_WARN_DIRECT_OBJC_ISA_USAGE = YES_ERROR;
				CLANG_WARN_DOCUMENTATION_COMMENTS = YES;
				CLANG_WARN_EMPTY_BODY = YES;
				CLANG_WARN_ENUM_CONVERSION = YES;
				CLANG_WARN_INFINITE_RECURSION = YES;
				CLANG_WARN_INT_CONVERSION = YES;
				CLANG_WARN_NON_LITERAL_NULL_CONVERSION = YES;
				CLANG_WARN_OBJC_IMPLICIT_RETAIN_SELF = YES;
				CLANG_WARN_OBJC_LITERAL_CONVERSION = YES;
				CLANG_WARN_OBJC_ROOT_CLASS = YES_ERROR;
				CLANG_WARN_QUOTED_INCLUDE_IN_FRAMEWORK_HEADER = YES;
				CLANG_WARN_RANGE_LOOP_ANALYSIS = YES;
				CLANG_WARN_STRICT_PROTOTYPES = YES;
				CLANG_WARN_SUSPICIOUS_MOVE = YES;
				CLANG_WARN_UNGUARDED_AVAILABILITY = YES_AGGRESSIVE;
				CLANG_WARN_UNREACHABLE_CODE = YES;
				CLANG_WARN__DUPLICATE_METHOD_MATCH = YES;
				COPY_PHASE_STRIP = NO;
				DEBUG_INFORMATION_FORMAT = "dwarf-with-dsym";
				ENABLE_NS_ASSERTIONS = NO;
				ENABLE_STRICT_OBJC_MSGSEND = YES;
				ENABLE_USER_SCRIPT_SANDBOXING = YES;
				GCC_C_LANGUAGE_STANDARD = gnu17;
				GCC_NO_COMMON_BLOCKS = YES;
				GCC_WARN_64_TO_32_BIT_CONVERSION = YES;
				GCC_WARN_ABOUT_RETURN_TYPE = YES_ERROR;
				GCC_WARN_UNDECLARED_SELECTOR = YES;
				GCC_WARN_UNINITIALIZED_AUTOS = YES_AGGRESSIVE;
				GCC_WARN_UNUSED_FUNCTION = YES;
				GCC_WARN_UNUSED_VARIABLE = YES;
				IPHONEOS_DEPLOYMENT_TARGET = 17.0;
				LOCALIZATION_PREFERS_STRING_CATALOGS = YES;
				MTL_ENABLE_DEBUG_INFO = NO;
				MTL_FAST_MATH = YES;
				SDKROOT = iphoneos;
				SWIFT_COMPILATION_MODE = wholemodule;
				VALIDATE_PRODUCT = YES;
			};
			name = Release;
		};
		5B3927E82D892D7100704FB8 /* Debug */ = {
			isa = XCBuildConfiguration;
			buildSettings = {
				ASSETCATALOG_COMPILER_APPICON_NAME = AppIcon;
				ASSETCATALOG_COMPILER_GLOBAL_ACCENT_COLOR_NAME = AccentColor;
				CODE_SIGN_STYLE = Automatic;
				CURRENT_PROJECT_VERSION = 1;
				DEVELOPMENT_ASSET_PATHS = "\"MustacheVideoApp/Preview Content\"";
				DEVELOPMENT_TEAM = RAHQYGT3S7;
				ENABLE_PREVIEWS = YES;
				GENERATE_INFOPLIST_FILE = YES;
				INFOPLIST_KEY_NSCameraUsageDescription = "\"This app needs camera access to apply AR filters and record videos";
				INFOPLIST_KEY_NSFaceIDUsageDescription = "\"This app uses face tracking to apply filters\"";
				INFOPLIST_KEY_NSMicrophoneUsageDescription = "\"This app needs microphone access\" ";
				INFOPLIST_KEY_UIApplicationSceneManifest_Generation = YES;
				INFOPLIST_KEY_UIApplicationSupportsIndirectInputEvents = YES;
				INFOPLIST_KEY_UILaunchScreen_Generation = YES;
				INFOPLIST_KEY_UISupportedInterfaceOrientations_iPad = "UIInterfaceOrientationPortrait UIInterfaceOrientationPortraitUpsideDown UIInterfaceOrientationLandscapeLeft UIInterfaceOrientationLandscapeRight";
				INFOPLIST_KEY_UISupportedInterfaceOrientations_iPhone = "UIInterfaceOrientationPortrait UIInterfaceOrientationLandscapeLeft UIInterfaceOrientationLandscapeRight";
				LD_RUNPATH_SEARCH_PATHS = (
					"$(inherited)",
					"@executable_path/Frameworks",
				);
				MARKETING_VERSION = 1.0;
				PRODUCT_BUNDLE_IDENTIFIER = "Sharib-Masum.MustacheVideoApp";
				PRODUCT_NAME = "$(TARGET_NAME)";
				SWIFT_EMIT_LOC_STRINGS = YES;
				SWIFT_VERSION = 5.0;
				TARGETED_DEVICE_FAMILY = "1,2";
			};
			name = Debug;
		};
		5B3927E92D892D7100704FB8 /* Release */ = {
			isa = XCBuildConfiguration;
			buildSettings = {
				ASSETCATALOG_COMPILER_APPICON_NAME = AppIcon;
				ASSETCATALOG_COMPILER_GLOBAL_ACCENT_COLOR_NAME = AccentColor;
				CODE_SIGN_STYLE = Automatic;
				CURRENT_PROJECT_VERSION = 1;
				DEVELOPMENT_ASSET_PATHS = "\"MustacheVideoApp/Preview Content\"";
				DEVELOPMENT_TEAM = RAHQYGT3S7;
				ENABLE_PREVIEWS = YES;
				GENERATE_INFOPLIST_FILE = YES;
				INFOPLIST_KEY_NSCameraUsageDescription = "\"This app needs camera access to apply AR filters and record videos";
				INFOPLIST_KEY_NSFaceIDUsageDescription = "\"This app uses face tracking to apply filters\"";
				INFOPLIST_KEY_NSMicrophoneUsageDescription = "\"This app needs microphone access\" ";
				INFOPLIST_KEY_UIApplicationSceneManifest_Generation = YES;
				INFOPLIST_KEY_UIApplicationSupportsIndirectInputEvents = YES;
				INFOPLIST_KEY_UILaunchScreen_Generation = YES;
				INFOPLIST_KEY_UISupportedInterfaceOrientations_iPad = "UIInterfaceOrientationPortrait UIInterfaceOrientationPortraitUpsideDown UIInterfaceOrientationLandscapeLeft UIInterfaceOrientationLandscapeRight";
				INFOPLIST_KEY_UISupportedInterfaceOrientations_iPhone = "UIInterfaceOrientationPortrait UIInterfaceOrientationLandscapeLeft UIInterfaceOrientationLandscapeRight";
				LD_RUNPATH_SEARCH_PATHS = (
					"$(inherited)",
					"@executable_path/Frameworks",
				);
				MARKETING_VERSION = 1.0;
				PRODUCT_BUNDLE_IDENTIFIER = "Sharib-Masum.MustacheVideoApp";
				PRODUCT_NAME = "$(TARGET_NAME)";
				SWIFT_EMIT_LOC_STRINGS = YES;
				SWIFT_VERSION = 5.0;
				TARGETED_DEVICE_FAMILY = "1,2";
			};
			name = Release;
		};
		5B3927EB2D892D7100704FB8 /* Debug */ = {
			isa = XCBuildConfiguration;
			buildSettings = {
				ALWAYS_EMBED_SWIFT_STANDARD_LIBRARIES = YES;
				BUNDLE_LOADER = "$(TEST_HOST)";
				CODE_SIGN_STYLE = Automatic;
				CURRENT_PROJECT_VERSION = 1;
				GENERATE_INFOPLIST_FILE = YES;
				IPHONEOS_DEPLOYMENT_TARGET = 17.0;
				MARKETING_VERSION = 1.0;
				PRODUCT_BUNDLE_IDENTIFIER = "Sharib-Masum.MustacheVideoAppTests";
				PRODUCT_NAME = "$(TARGET_NAME)";
				SWIFT_EMIT_LOC_STRINGS = NO;
				SWIFT_VERSION = 5.0;
				TARGETED_DEVICE_FAMILY = "1,2";
				TEST_HOST = "$(BUILT_PRODUCTS_DIR)/MustacheVideoApp.app/$(BUNDLE_EXECUTABLE_FOLDER_PATH)/MustacheVideoApp";
			};
			name = Debug;
		};
		5B3927EC2D892D7100704FB8 /* Release */ = {
			isa = XCBuildConfiguration;
			buildSettings = {
				ALWAYS_EMBED_SWIFT_STANDARD_LIBRARIES = YES;
				BUNDLE_LOADER = "$(TEST_HOST)";
				CODE_SIGN_STYLE = Automatic;
				CURRENT_PROJECT_VERSION = 1;
				GENERATE_INFOPLIST_FILE = YES;
				IPHONEOS_DEPLOYMENT_TARGET = 17.0;
				MARKETING_VERSION = 1.0;
				PRODUCT_BUNDLE_IDENTIFIER = "Sharib-Masum.MustacheVideoAppTests";
				PRODUCT_NAME = "$(TARGET_NAME)";
				SWIFT_EMIT_LOC_STRINGS = NO;
				SWIFT_VERSION = 5.0;
				TARGETED_DEVICE_FAMILY = "1,2";
				TEST_HOST = "$(BUILT_PRODUCTS_DIR)/MustacheVideoApp.app/$(BUNDLE_EXECUTABLE_FOLDER_PATH)/MustacheVideoApp";
			};
			name = Release;
		};
		5B3927EE2D892D7100704FB8 /* Debug */ = {
			isa = XCBuildConfiguration;
			buildSettings = {
				ALWAYS_EMBED_SWIFT_STANDARD_LIBRARIES = YES;
				CODE_SIGN_STYLE = Automatic;
				CURRENT_PROJECT_VERSION = 1;
				GENERATE_INFOPLIST_FILE = YES;
				MARKETING_VERSION = 1.0;
				PRODUCT_BUNDLE_IDENTIFIER = "Sharib-Masum.MustacheVideoAppUITests";
				PRODUCT_NAME = "$(TARGET_NAME)";
				SWIFT_EMIT_LOC_STRINGS = NO;
				SWIFT_VERSION = 5.0;
				TARGETED_DEVICE_FAMILY = "1,2";
				TEST_TARGET_NAME = MustacheVideoApp;
			};
			name = Debug;
		};
		5B3927EF2D892D7100704FB8 /* Release */ = {
			isa = XCBuildConfiguration;
			buildSettings = {
				ALWAYS_EMBED_SWIFT_STANDARD_LIBRARIES = YES;
				CODE_SIGN_STYLE = Automatic;
				CURRENT_PROJECT_VERSION = 1;
				GENERATE_INFOPLIST_FILE = YES;
				MARKETING_VERSION = 1.0;
				PRODUCT_BUNDLE_IDENTIFIER = "Sharib-Masum.MustacheVideoAppUITests";
				PRODUCT_NAME = "$(TARGET_NAME)";
				SWIFT_EMIT_LOC_STRINGS = NO;
				SWIFT_VERSION = 5.0;
				TARGETED_DEVICE_FAMILY = "1,2";
				TEST_TARGET_NAME = MustacheVideoApp;
			};
			name = Release;
		};
/* End XCBuildConfiguration section */

/* Begin XCConfigurationList section */
		5B3927BE2D892D7000704FB8 /* Build configuration list for PBXProject "MustacheVideoApp" */ = {
			isa = XCConfigurationList;
			buildConfigurations = (
				5B3927E52D892D7100704FB8 /* Debug */,
				5B3927E62D892D7100704FB8 /* Release */,
			);
			defaultConfigurationIsVisible = 0;
			defaultConfigurationName = Release;
		};
		5B3927E72D892D7100704FB8 /* Build configuration list for PBXNativeTarget "MustacheVideoApp" */ = {
			isa = XCConfigurationList;
			buildConfigurations = (
				5B3927E82D892D7100704FB8 /* Debug */,
				5B3927E92D892D7100704FB8 /* Release */,
			);
			defaultConfigurationIsVisible = 0;
			defaultConfigurationName = Release;
		};
		5B3927EA2D892D7100704FB8 /* Build configuration list for PBXNativeTarget "MustacheVideoAppTests" */ = {
			isa = XCConfigurationList;
			buildConfigurations = (
				5B3927EB2D892D7100704FB8 /* Debug */,
				5B3927EC2D892D7100704FB8 /* Release */,
			);
			defaultConfigurationIsVisible = 0;
			defaultConfigurationName = Release;
		};
		5B3927ED2D892D7100704FB8 /* Build configuration list for PBXNativeTarget "MustacheVideoAppUITests" */ = {
			isa = XCConfigurationList;
			buildConfigurations = (
				5B3927EE2D892D7100704FB8 /* Debug */,
				5B3927EF2D892D7100704FB8 /* Release */,
			);
			defaultConfigurationIsVisible = 0;
			defaultConfigurationName = Release;
		};
/* End XCConfigurationList section */

/* Begin XCVersionGroup section */
		5B3928052D8A333800704FB8 /* MustacheModel.xcdatamodeld */ = {
			isa = XCVersionGroup;
			children = (
				5B3928062D8A333800704FB8 /* MustacheModel.xcdatamodel */,
			);
			currentVersion = 5B3928062D8A333800704FB8 /* MustacheModel.xcdatamodel */;
			path = MustacheModel.xcdatamodeld;
			sourceTree = "<group>";
			versionGroupType = wrapper.xcdatamodel;
		};
/* End XCVersionGroup section */
	};
	rootObject = 5B3927BB2D892D7000704FB8 /* Project object */;
}
